
Microsoft Visual Studio Solution File, Format Version 12.00
# Visual Studio Version 16
VisualStudioVersion = 16.0.28803.352
MinimumVisualStudioVersion = 10.0.40219.1
Project("{FAE04EC0-301F-11D3-BF4B-00C04F79EFBC}") = "QLSTKGUI", "QLSTK\QLSTKGUI.csproj", "{59BBBACA-9B17-47FD-B546-C6D75B3231EC}"
	ProjectSection(ProjectDependencies) = postProject
		{65E5E9B4-E29A-4291-8655-F02ADBD94AC1} = {65E5E9B4-E29A-4291-8655-F02ADBD94AC1}
		{9BA9E9C3-C77B-4369-895C-BD438DA9D3DC} = {9BA9E9C3-C77B-4369-895C-BD438DA9D3DC}
	EndProjectSection
EndProject
Project("{2150E333-8FDC-42A3-9474-1A3956D46DE8}") = "Solution Items", "Solution Items", "{1BB40155-6729-4626-A2B5-C9557A9F635F}"
EndProject
Project("{FAE04EC0-301F-11D3-BF4B-00C04F79EFBC}") = "QLSTKDTO", "QLSTKDTO\QLSTKDTO.csproj", "{65E5E9B4-E29A-4291-8655-F02ADBD94AC1}"
EndProject
Project("{FAE04EC0-301F-11D3-BF4B-00C04F79EFBC}") = "QLSTKDAL", "QLSTKDAL\QLSTKDAL.csproj", "{3E48171D-08D7-47B0-99C1-186C5F02E841}"
EndProject
Project("{FAE04EC0-301F-11D3-BF4B-00C04F79EFBC}") = "QLSTKBUS", "QLSTKBUS\QLSTKBUS.csproj", "{9BA9E9C3-C77B-4369-895C-BD438DA9D3DC}"
EndProject
Global
	GlobalSection(SolutionConfigurationPlatforms) = preSolution
		Debug|Any CPU = Debug|Any CPU
		Release|Any CPU = Release|Any CPU
	EndGlobalSection
	GlobalSection(ProjectConfigurationPlatforms) = postSolution
		{59BBBACA-9B17-47FD-B546-C6D75B3231EC}.Debug|Any CPU.ActiveCfg = Debug|Any CPU
		{59BBBACA-9B17-47FD-B546-C6D75B3231EC}.Debug|Any CPU.Build.0 = Debug|Any CPU
		{59BBBACA-9B17-47FD-B546-C6D75B3231EC}.Release|Any CPU.ActiveCfg = Release|Any CPU
		{59BBBACA-9B17-47FD-B546-C6D75B3231EC}.Release|Any CPU.Build.0 = Release|Any CPU
		{65E5E9B4-E29A-4291-8655-F02ADBD94AC1}.Debug|Any CPU.ActiveCfg = Debug|Any CPU
		{65E5E9B4-E29A-4291-8655-F02ADBD94AC1}.Debug|Any CPU.Build.0 = Debug|Any CPU
		{65E5E9B4-E29A-4291-8655-F02ADBD94AC1}.Release|Any CPU.ActiveCfg = Release|Any CPU
		{65E5E9B4-E29A-4291-8655-F02ADBD94AC1}.Release|Any CPU.Build.0 = Release|Any CPU
		{3E48171D-08D7-47B0-99C1-186C5F02E841}.Debug|Any CPU.ActiveCfg = Debug|Any CPU
		{3E48171D-08D7-47B0-99C1-186C5F02E841}.Debug|Any CPU.Build.0 = Debug|Any CPU
		{3E48171D-08D7-47B0-99C1-186C5F02E841}.Release|Any CPU.ActiveCfg = Release|Any CPU
		{3E48171D-08D7-47B0-99C1-186C5F02E841}.Release|Any CPU.Build.0 = Release|Any CPU
		{9BA9E9C3-C77B-4369-895C-BD438DA9D3DC}.Debug|Any CPU.ActiveCfg = Debug|Any CPU
		{9BA9E9C3-C77B-4369-895C-BD438DA9D3DC}.Debug|Any CPU.Build.0 = Debug|Any CPU
		{9BA9E9C3-C77B-4369-895C-BD438DA9D3DC}.Release|Any CPU.ActiveCfg = Release|Any CPU
		{9BA9E9C3-C77B-4369-895C-BD438DA9D3DC}.Release|Any CPU.Build.0 = Release|Any CPU
	EndGlobalSection
	GlobalSection(SolutionProperties) = preSolution
		HideSolutionNode = FALSE
	EndGlobalSection
	GlobalSection(ExtensibilityGlobals) = postSolution
		SolutionGuid = {0893E6BF-805A-429A-B21D-2B745595ECF6}
	EndGlobalSection
EndGlobal
